{
  "name": "@rgba-image/color",
  "version": "0.1.0",
  "lockfileVersion": 1,
  "requires": true,
  "dependencies": {
    "@rgba-image/common": {
      "version": "0.1.12",
      "resolved": "https://registry.npmjs.org/@rgba-image/common/-/common-0.1.12.tgz",
      "integrity": "sha512-HrIZBXrCz8CD7/wNXV9l0J/4/ZVAIYEqOIWzym2Vq4TduRDddkJHX0GmXJKrXuLIbXa4Ty4dSy5XawvjFEiIQQ=="
    }
  }
}
